{
  "name": "app",
  "version": "1.0.0",
  "lockfileVersion": 2,
  "requires": true,
  "packages": {
    "": {
      "name": "app",
      "version": "1.0.0",
      "license": "ISC",
      "dependencies": {
        "@lucasandflores/fluentsql-lucas": "^2.0.0"
      }
    },
    "node_modules/@lucasandflores/fluentsql-lucas": {
      "version": "2.0.0",
      "resolved": "https://registry.npmjs.org/@lucasandflores/fluentsql-lucas/-/fluentsql-lucas-2.0.0.tgz",
      "integrity": "sha512-fL5ZLLGV66qedQg7eXnjC7GbAYhqCEDiSirr357xTJ+vTcn7zcQTOqD+qOUH+t/K0J3dAn8eR04WKILWVeJYJw=="
    }
  },
  "dependencies": {
    "@lucasandflores/fluentsql-lucas": {
      "version": "2.0.0",
      "resolved": "https://registry.npmjs.org/@lucasandflores/fluentsql-lucas/-/fluentsql-lucas-2.0.0.tgz",
      "integrity": "sha512-fL5ZLLGV66qedQg7eXnjC7GbAYhqCEDiSirr357xTJ+vTcn7zcQTOqD+qOUH+t/K0J3dAn8eR04WKILWVeJYJw=="
    }
  }
}
