{
  "name": "app",
  "version": "1.0.0",
  "lockfileVersion": 2,
  "requires": true,
  "packages": {
    "": {
      "name": "app",
      "version": "1.0.0",
      "license": "ISC",
      "dependencies": {
        "@lucasandflores/fluentsql-lucas": "^2.0.0"
      }
    },
    "node_modules/@lucasandflores/fluentsql-lucas": {
      "version": "2.0.1",
      "resolved": "https://registry.npmjs.org/@lucasandflores/fluentsql-lucas/-/fluentsql-lucas-2.0.1.tgz",
      "integrity": "sha512-G1XZGv0iJYauqZfTVC9mmEY9eQWnPASBSHJ9T/sh2qlf/E7mmtVdwJ1dG8j+LY8viIJBo/+Rkg+7HI6VLKmgYw=="
    }
  },
  "dependencies": {
    "@lucasandflores/fluentsql-lucas": {
      "version": "2.0.1",
      "resolved": "https://registry.npmjs.org/@lucasandflores/fluentsql-lucas/-/fluentsql-lucas-2.0.1.tgz",
      "integrity": "sha512-G1XZGv0iJYauqZfTVC9mmEY9eQWnPASBSHJ9T/sh2qlf/E7mmtVdwJ1dG8j+LY8viIJBo/+Rkg+7HI6VLKmgYw=="
    }
  }
}
